{
  "object": {
    "pins": [
      {
        "package": "CashCore",
        "repositoryURL": "https://github.com/atmcoin/cash-sdk-ios.git",
        "state": {
          "branch": null,
          "revision": "8ff4730a047067cf8b01d278d9751527dcb41ef9",
          "version": "3.0.0"
        }
      },
      {
        "package": "CashUI",
        "repositoryURL": "https://github.com/atmcoin/cash-ui-ios.git",
        "state": {
          "branch": null,
          "revision": "e1be5a0b5c44e44c9aae169644f7679a961b7933",
          "version": "1.0.0"
        }
      }
    ]
  },
  "version": 1
}
